
Microsoft Visual Studio Solution File, Format Version 12.00
# Visual Studio Version 17
VisualStudioVersion = 17.0.32126.317
MinimumVisualStudioVersion = 10.0.40219.1
Project("{FAE04EC0-301F-11D3-BF4B-00C04F79EFBC}") = "asp.netproject", "asp.netproject\asp.netproject.csproj", "{E7610B5B-6422-4D3A-BCB3-19106A2CA67D}"
EndProject
Global
	GlobalSection(SolutionConfigurationPlatforms) = preSolution
		Debug|Any CPU = Debug|Any CPU
		Release|Any CPU = Release|Any CPU
	EndGlobalSection
	GlobalSection(ProjectConfigurationPlatforms) = postSolution
		{E7610B5B-6422-4D3A-BCB3-19106A2CA67D}.Debug|Any CPU.ActiveCfg = Debug|Any CPU
		{E7610B5B-6422-4D3A-BCB3-19106A2CA67D}.Debug|Any CPU.Build.0 = Debug|Any CPU
		{E7610B5B-6422-4D3A-BCB3-19106A2CA67D}.Release|Any CPU.ActiveCfg = Release|Any CPU
		{E7610B5B-6422-4D3A-BCB3-19106A2CA67D}.Release|Any CPU.Build.0 = Release|Any CPU
	EndGlobalSection
	GlobalSection(SolutionProperties) = preSolution
		HideSolutionNode = FALSE
	EndGlobalSection
	GlobalSection(ExtensibilityGlobals) = postSolution
		SolutionGuid = {E63012C9-E530-4CAD-AFAE-02D0FDFB43A2}
	EndGlobalSection
EndGlobal
